
Microsoft Visual Studio Solution File, Format Version 12.00
# Visual Studio 15
VisualStudioVersion = 15.0.28307.136
MinimumVisualStudioVersion = 10.0.40219.1
Project("{FAE04EC0-301F-11D3-BF4B-00C04F79EFBC}") = "SimicPlastProgram", "SimicPlastProgram\SimicPlastProgram.csproj", "{76C2B148-270B-48C5-B5D9-E2FD59F12DEA}"
EndProject
Global
	GlobalSection(SolutionConfigurationPlatforms) = preSolution
		Debug|Any CPU = Debug|Any CPU
		Release|Any CPU = Release|Any CPU
	EndGlobalSection
	GlobalSection(ProjectConfigurationPlatforms) = postSolution
		{76C2B148-270B-48C5-B5D9-E2FD59F12DEA}.Debug|Any CPU.ActiveCfg = Debug|Any CPU
		{76C2B148-270B-48C5-B5D9-E2FD59F12DEA}.Debug|Any CPU.Build.0 = Debug|Any CPU
		{76C2B148-270B-48C5-B5D9-E2FD59F12DEA}.Release|Any CPU.ActiveCfg = Release|Any CPU
		{76C2B148-270B-48C5-B5D9-E2FD59F12DEA}.Release|Any CPU.Build.0 = Release|Any CPU
	EndGlobalSection
	GlobalSection(SolutionProperties) = preSolution
		HideSolutionNode = FALSE
	EndGlobalSection
	GlobalSection(ExtensibilityGlobals) = postSolution
		SolutionGuid = {1BFF9E08-3342-4516-B7F3-4CB6083A24C1}
	EndGlobalSection
EndGlobal
